
Microsoft Visual Studio Solution File, Format Version 12.00
# Visual Studio Version 17
VisualStudioVersion = 17.4.33122.133
MinimumVisualStudioVersion = 10.0.40219.1
Project("{FAE04EC0-301F-11D3-BF4B-00C04F79EFBC}") = "PhoneBook", "PhoneBook.csproj", "{E5438567-F917-4392-9719-5AB25E7B6FA9}"
EndProject
Global
	GlobalSection(SolutionConfigurationPlatforms) = preSolution
		Debug|Any CPU = Debug|Any CPU
		Release|Any CPU = Release|Any CPU
	EndGlobalSection
	GlobalSection(ProjectConfigurationPlatforms) = postSolution
		{E5438567-F917-4392-9719-5AB25E7B6FA9}.Debug|Any CPU.ActiveCfg = Debug|Any CPU
		{E5438567-F917-4392-9719-5AB25E7B6FA9}.Debug|Any CPU.Build.0 = Debug|Any CPU
		{E5438567-F917-4392-9719-5AB25E7B6FA9}.Release|Any CPU.ActiveCfg = Release|Any CPU
		{E5438567-F917-4392-9719-5AB25E7B6FA9}.Release|Any CPU.Build.0 = Release|Any CPU
	EndGlobalSection
	GlobalSection(SolutionProperties) = preSolution
		HideSolutionNode = FALSE
	EndGlobalSection
	GlobalSection(ExtensibilityGlobals) = postSolution
		SolutionGuid = {416D4E6A-339C-44E7-B38C-04B9D3EE6F5E}
	EndGlobalSection
EndGlobal
